
Microsoft Visual Studio Solution File, Format Version 12.00
# Visual Studio Version 17
VisualStudioVersion = 17.6.33815.320
MinimumVisualStudioVersion = 10.0.40219.1
Project("{FAE04EC0-301F-11D3-BF4B-00C04F79EFBC}") = "PraticeProjectforAPICalling", "PraticeProjectforAPICalling\PraticeProjectforAPICalling.csproj", "{55B6741D-AA6C-4920-90DD-78C178259AD4}"
EndProject
Global
	GlobalSection(SolutionConfigurationPlatforms) = preSolution
		Debug|Any CPU = Debug|Any CPU
		Release|Any CPU = Release|Any CPU
	EndGlobalSection
	GlobalSection(ProjectConfigurationPlatforms) = postSolution
		{55B6741D-AA6C-4920-90DD-78C178259AD4}.Debug|Any CPU.ActiveCfg = Debug|Any CPU
		{55B6741D-AA6C-4920-90DD-78C178259AD4}.Debug|Any CPU.Build.0 = Debug|Any CPU
		{55B6741D-AA6C-4920-90DD-78C178259AD4}.Release|Any CPU.ActiveCfg = Release|Any CPU
		{55B6741D-AA6C-4920-90DD-78C178259AD4}.Release|Any CPU.Build.0 = Release|Any CPU
	EndGlobalSection
	GlobalSection(SolutionProperties) = preSolution
		HideSolutionNode = FALSE
	EndGlobalSection
	GlobalSection(ExtensibilityGlobals) = postSolution
		SolutionGuid = {52220B7B-2355-4D8C-9961-AD3A27326266}
	EndGlobalSection
EndGlobal
