
Microsoft Visual Studio Solution File, Format Version 12.00
# Visual Studio Version 17
VisualStudioVersion = 17.6.33815.320
MinimumVisualStudioVersion = 10.0.40219.1
Project("{FAE04EC0-301F-11D3-BF4B-00C04F79EFBC}") = "BookStoreApplicaion.Books", "BookStoreApplicaion.Books\BookStoreApplicaion.Books.csproj", "{F57B39F1-1F39-45A6-87A0-00B92D60B364}"
EndProject
Global
	GlobalSection(SolutionConfigurationPlatforms) = preSolution
		Debug|Any CPU = Debug|Any CPU
		Release|Any CPU = Release|Any CPU
	EndGlobalSection
	GlobalSection(ProjectConfigurationPlatforms) = postSolution
		{F57B39F1-1F39-45A6-87A0-00B92D60B364}.Debug|Any CPU.ActiveCfg = Debug|Any CPU
		{F57B39F1-1F39-45A6-87A0-00B92D60B364}.Debug|Any CPU.Build.0 = Debug|Any CPU
		{F57B39F1-1F39-45A6-87A0-00B92D60B364}.Release|Any CPU.ActiveCfg = Release|Any CPU
		{F57B39F1-1F39-45A6-87A0-00B92D60B364}.Release|Any CPU.Build.0 = Release|Any CPU
	EndGlobalSection
	GlobalSection(SolutionProperties) = preSolution
		HideSolutionNode = FALSE
	EndGlobalSection
	GlobalSection(ExtensibilityGlobals) = postSolution
		SolutionGuid = {C00BC67D-787A-4E68-AF5F-C148D248BB0F}
	EndGlobalSection
EndGlobal
